Microsoft Visual Studio Solution File, Format Version 11.00
# Visual Studio 2008

Project("{CEB1D0D2-C0EB-0959-7CBA-C651802EAA3B}") = "Charachter 1", "Assembly-CSharp.csproj", "{53D9C730-B230-4A45-A914-5D7DB1BD48D1}"
EndProject
Global
	GlobalSection(SolutionConfigurationPlatforms) = preSolution
		Debug|Any CPU = Debug|Any CPU
		Release|Any CPU = Release|Any CPU
	EndGlobalSection
	GlobalSection(ProjectConfigurationPlatforms) = postSolution
		{53D9C730-B230-4A45-A914-5D7DB1BD48D1}.Debug|Any CPU.ActiveCfg = Debug|Any CPU
		{53D9C730-B230-4A45-A914-5D7DB1BD48D1}.Debug|Any CPU.Build.0 = Debug|Any CPU
		{53D9C730-B230-4A45-A914-5D7DB1BD48D1}.Release|Any CPU.ActiveCfg = Release|Any CPU
		{53D9C730-B230-4A45-A914-5D7DB1BD48D1}.Release|Any CPU.Build.0 = Release|Any CPU
	EndGlobalSection
	GlobalSection(SolutionProperties) = preSolution
		HideSolutionNode = FALSE
	EndGlobalSection
	GlobalSection(MonoDevelopProperties) = preSolution
		StartupItem = Assembly-CSharp.csproj
	EndGlobalSection
EndGlobal
